
Microsoft Visual Studio Solution File, Format Version 12.00
# Visual Studio Version 17
VisualStudioVersion = 17.1.32328.378
MinimumVisualStudioVersion = 10.0.40219.1
Project("{9A19103F-16F7-4668-BE54-9A1E7A4F7556}") = "practiceTwo2", "practiceTwo2\practiceTwo2.csproj", "{958B2D5C-592F-4646-B206-52336686CDBA}"
EndProject
Project("{FAE04EC0-301F-11D3-BF4B-00C04F79EFBC}") = "Logic", "Logic\Logic.csproj", "{239023A7-FB55-4454-BD82-537B792FB21A}"
EndProject
Global
	GlobalSection(SolutionConfigurationPlatforms) = preSolution
		Debug|Any CPU = Debug|Any CPU
		Release|Any CPU = Release|Any CPU
	EndGlobalSection
	GlobalSection(ProjectConfigurationPlatforms) = postSolution
		{958B2D5C-592F-4646-B206-52336686CDBA}.Debug|Any CPU.ActiveCfg = Debug|Any CPU
		{958B2D5C-592F-4646-B206-52336686CDBA}.Debug|Any CPU.Build.0 = Debug|Any CPU
		{958B2D5C-592F-4646-B206-52336686CDBA}.Release|Any CPU.ActiveCfg = Release|Any CPU
		{958B2D5C-592F-4646-B206-52336686CDBA}.Release|Any CPU.Build.0 = Release|Any CPU
		{239023A7-FB55-4454-BD82-537B792FB21A}.Debug|Any CPU.ActiveCfg = Debug|Any CPU
		{239023A7-FB55-4454-BD82-537B792FB21A}.Debug|Any CPU.Build.0 = Debug|Any CPU
		{239023A7-FB55-4454-BD82-537B792FB21A}.Release|Any CPU.ActiveCfg = Release|Any CPU
		{239023A7-FB55-4454-BD82-537B792FB21A}.Release|Any CPU.Build.0 = Release|Any CPU
	EndGlobalSection
	GlobalSection(SolutionProperties) = preSolution
		HideSolutionNode = FALSE
	EndGlobalSection
	GlobalSection(ExtensibilityGlobals) = postSolution
		SolutionGuid = {C172388E-3DDE-4D81-A68B-0E05DD714578}
	EndGlobalSection
EndGlobal
